// !$*UTF8*$!
{
	archiveVersion = 1;
	classes = {
	};
	objectVersion = 46;
	objects = {

/* Begin PBXBuildFile section */
		147256D61957100600989F75 /* Cocoa.framework in Frameworks */ = {isa = PBXBuildFile; fileRef = 147256D51957100600989F75 /* Cocoa.framework */; };
		147256E71957100600989F75 /* XCTest.framework in Frameworks */ = {isa = PBXBuildFile; fileRef = 147256E61957100600989F75 /* XCTest.framework */; };
		147256E81957100600989F75 /* Cocoa.framework in Frameworks */ = {isa = PBXBuildFile; fileRef = 147256D51957100600989F75 /* Cocoa.framework */; };
		147256EB1957100600989F75 /* libUICKeyChainStore.a in Frameworks */ = {isa = PBXBuildFile; fileRef = 147256D21957100600989F75 /* libUICKeyChainStore.a */; };
		147256F11957100600989F75 /* InfoPlist.strings in Resources */ = {isa = PBXBuildFile; fileRef = 147256EF1957100600989F75 /* InfoPlist.strings */; };
		1472570E1957119900989F75 /* UICKeyChainStore.h in Headers */ = {isa = PBXBuildFile; fileRef = 1472570C1957119900989F75 /* UICKeyChainStore.h */; };
		1472570F1957119900989F75 /* UICKeyChainStore.m in Sources */ = {isa = PBXBuildFile; fileRef = 1472570D1957119900989F75 /* UICKeyChainStore.m */; };
		147257101957119900989F75 /* UICKeyChainStore.m in Sources */ = {isa = PBXBuildFile; fileRef = 1472570D1957119900989F75 /* UICKeyChainStore.m */; };
		14A86CCA1A1DD98A002F5380 /* UICKeyChainStoreTests.m in Sources */ = {isa = PBXBuildFile; fileRef = 14A86CC91A1DD98A002F5380 /* UICKeyChainStoreTests.m */; };
/* End PBXBuildFile section */

/* Begin PBXContainerItemProxy section */
		147256E91957100600989F75 /* PBXContainerItemProxy */ = {
			isa = PBXContainerItemProxy;
			containerPortal = 147256CA1957100600989F75 /* Project object */;
			proxyType = 1;
			remoteGlobalIDString = 147256D11957100600989F75;
			remoteInfo = UICKeyChainStore;
		};
/* End PBXContainerItemProxy section */

/* Begin PBXFileReference section */
		147256D21957100600989F75 /* libUICKeyChainStore.a */ = {isa = PBXFileReference; explicitFileType = archive.ar; includeInIndex = 0; path = libUICKeyChainStore.a; sourceTree = BUILT_PRODUCTS_DIR; };
		147256D51957100600989F75 /* Cocoa.framework */ = {isa = PBXFileReference; lastKnownFileType = wrapper.framework; name = Cocoa.framework; path = System/Library/Frameworks/Cocoa.framework; sourceTree = SDKROOT; };
		147256D81957100600989F75 /* Foundation.framework */ = {isa = PBXFileReference; lastKnownFileType = wrapper.framework; name = Foundation.framework; path = System/Library/Frameworks/Foundation.framework; sourceTree = SDKROOT; };
		147256D91957100600989F75 /* CoreData.framework */ = {isa = PBXFileReference; lastKnownFileType = wrapper.framework; name = CoreData.framework; path = System/Library/Frameworks/CoreData.framework; sourceTree = SDKROOT; };
		147256DA1957100600989F75 /* AppKit.framework */ = {isa = PBXFileReference; lastKnownFileType = wrapper.framework; name = AppKit.framework; path = System/Library/Frameworks/AppKit.framework; sourceTree = SDKROOT; };
		147256DD1957100600989F75 /* UICKeyChainStore-Prefix.pch */ = {isa = PBXFileReference; lastKnownFileType = sourcecode.c.h; path = "UICKeyChainStore-Prefix.pch"; sourceTree = "<group>"; };
		147256E51957100600989F75 /* UICKeyChainStoreTests.xctest */ = {isa = PBXFileReference; explicitFileType = wrapper.cfbundle; includeInIndex = 0; path = UICKeyChainStoreTests.xctest; sourceTree = BUILT_PRODUCTS_DIR; };
		147256E61957100600989F75 /* XCTest.framework */ = {isa = PBXFileReference; lastKnownFileType = wrapper.framework; name = XCTest.framework; path = Library/Frameworks/XCTest.framework; sourceTree = DEVELOPER_DIR; };
		147256EE1957100600989F75 /* UICKeyChainStoreTests-Info.plist */ = {isa = PBXFileReference; lastKnownFileType = text.plist.xml; path = "UICKeyChainStoreTests-Info.plist"; sourceTree = "<group>"; };
		147256F01957100600989F75 /* en */ = {isa = PBXFileReference; lastKnownFileType = text.plist.strings; name = en; path = en.lproj/InfoPlist.strings; sourceTree = "<group>"; };
		1472570C1957119900989F75 /* UICKeyChainStore.h */ = {isa = PBXFileReference; fileEncoding = 4; lastKnownFileType = sourcecode.c.h; path = UICKeyChainStore.h; sourceTree = "<group>"; };
		1472570D1957119900989F75 /* UICKeyChainStore.m */ = {isa = PBXFileReference; fileEncoding = 4; lastKnownFileType = sourcecode.c.objc; path = UICKeyChainStore.m; sourceTree = "<group>"; };
		14A86CC91A1DD98A002F5380 /* UICKeyChainStoreTests.m */ = {isa = PBXFileReference; fileEncoding = 4; lastKnownFileType = sourcecode.c.objc; name = UICKeyChainStoreTests.m; path = ../../Tests/UICKeyChainStoreTests.m; sourceTree = "<group>"; };
/* End PBXFileReference section */

/* Begin PBXFrameworksBuildPhase section */
		147256CF1957100600989F75 /* Frameworks */ = {
			isa = PBXFrameworksBuildPhase;
			buildActionMask = 2147483647;
			files = (
				147256D61957100600989F75 /* Cocoa.framework in Frameworks */,
			);
			runOnlyForDeploymentPostprocessing = 0;
		};
		147256E21957100600989F75 /* Frameworks */ = {
			isa = PBXFrameworksBuildPhase;
			buildActionMask = 2147483647;
			files = (
				147256E81957100600989F75 /* Cocoa.framework in Frameworks */,
				147256EB1957100600989F75 /* libUICKeyChainStore.a in Frameworks */,
				147256E71957100600989F75 /* XCTest.framework in Frameworks */,
			);
			runOnlyForDeploymentPostprocessing = 0;
		};
/* End PBXFrameworksBuildPhase section */

/* Begin PBXGroup section */
		147256C91957100600989F75 = {
			isa = PBXGroup;
			children = (
				1472570B1957119900989F75 /* Lib */,
				147256DB1957100600989F75 /* UICKeyChainStore */,
				147256EC1957100600989F75 /* UICKeyChainStoreTests */,
				147256D41957100600989F75 /* Frameworks */,
				147256D31957100600989F75 /* Products */,
			);
			sourceTree = "<group>";
		};
		147256D31957100600989F75 /* Products */ = {
			isa = PBXGroup;
			children = (
				147256D21957100600989F75 /* libUICKeyChainStore.a */,
				147256E51957100600989F75 /* UICKeyChainStoreTests.xctest */,
			);
			name = Products;
			sourceTree = "<group>";
		};
		147256D41957100600989F75 /* Frameworks */ = {
			isa = PBXGroup;
			children = (
				147256D51957100600989F75 /* Cocoa.framework */,
				147256E61957100600989F75 /* XCTest.framework */,
				147256D71957100600989F75 /* Other Frameworks */,
			);
			name = Frameworks;
			sourceTree = "<group>";
		};
		147256D71957100600989F75 /* Other Frameworks */ = {
			isa = PBXGroup;
			children = (
				147256D81957100600989F75 /* Foundation.framework */,
				147256D91957100600989F75 /* CoreData.framework */,
				147256DA1957100600989F75 /* AppKit.framework */,
			);
			name = "Other Frameworks";
			sourceTree = "<group>";
		};
		147256DB1957100600989F75 /* UICKeyChainStore */ = {
			isa = PBXGroup;
			children = (
				147256DC1957100600989F75 /* Supporting Files */,
			);
			path = UICKeyChainStore;
			sourceTree = "<group>";
		};
		147256DC1957100600989F75 /* Supporting Files */ = {
			isa = PBXGroup;
			children = (
				147256DD1957100600989F75 /* UICKeyChainStore-Prefix.pch */,
			);
			name = "Supporting Files";
			sourceTree = "<group>";
		};
		147256EC1957100600989F75 /* UICKeyChainStoreTests */ = {
			isa = PBXGroup;
			children = (
				14A86CC91A1DD98A002F5380 /* UICKeyChainStoreTests.m */,
				147256ED1957100600989F75 /* Supporting Files */,
			);
			path = UICKeyChainStoreTests;
			sourceTree = "<group>";
		};
		147256ED1957100600989F75 /* Supporting Files */ = {
			isa = PBXGroup;
			children = (
				147256EE1957100600989F75 /* UICKeyChainStoreTests-Info.plist */,
				147256EF1957100600989F75 /* InfoPlist.strings */,
			);
			name = "Supporting Files";
			sourceTree = "<group>";
		};
		1472570B1957119900989F75 /* Lib */ = {
			isa = PBXGroup;
			children = (
				1472570C1957119900989F75 /* UICKeyChainStore.h */,
				1472570D1957119900989F75 /* UICKeyChainStore.m */,
			);
			name = Lib;
			path = ../Lib;
			sourceTree = "<group>";
		};
/* End PBXGroup section */

/* Begin PBXHeadersBuildPhase section */
		147256D01957100600989F75 /* Headers */ = {
			isa = PBXHeadersBuildPhase;
			buildActionMask = 2147483647;
			files = (
				1472570E1957119900989F75 /* UICKeyChainStore.h in Headers */,
			);
			runOnlyForDeploymentPostprocessing = 0;
		};
/* End PBXHeadersBuildPhase section */

/* Begin PBXNativeTarget section */
		147256D11957100600989F75 /* UICKeyChainStore */ = {
			isa = PBXNativeTarget;
			buildConfigurationList = 147256F61957100600989F75 /* Build configuration list for PBXNativeTarget "UICKeyChainStore" */;
			buildPhases = (
				147256CE1957100600989F75 /* Sources */,
				147256CF1957100600989F75 /* Frameworks */,
				147256D01957100600989F75 /* Headers */,
			);
			buildRules = (
			);
			dependencies = (
			);
			name = UICKeyChainStore;
			productName = UICKeyChainStore;
			productReference = 147256D21957100600989F75 /* libUICKeyChainStore.a */;
			productType = "com.apple.product-type.library.static";
		};
		147256E41957100600989F75 /* UICKeyChainStoreTests */ = {
			isa = PBXNativeTarget;
			buildConfigurationList = 147256F91957100600989F75 /* Build configuration list for PBXNativeTarget "UICKeyChainStoreTests" */;
			buildPhases = (
				147256E11957100600989F75 /* Sources */,
				147256E21957100600989F75 /* Frameworks */,
				147256E31957100600989F75 /* Resources */,
			);
			buildRules = (
			);
			dependencies = (
				147256EA1957100600989F75 /* PBXTargetDependency */,
			);
			name = UICKeyChainStoreTests;
			productName = UICKeyChainStoreTests;
			productReference = 147256E51957100600989F75 /* UICKeyChainStoreTests.xctest */;
			productType = "com.apple.product-type.bundle.unit-test";
		};
/* End PBXNativeTarget section */

/* Begin PBXProject section */
		147256CA1957100600989F75 /* Project object */ = {
			isa = PBXProject;
			attributes = {
				LastUpgradeCheck = 0510;
				ORGANIZATIONNAME = "kishikawa katsumi";
			};
			buildConfigurationList = 147256CD1957100600989F75 /* Build configuration list for PBXProject "UICKeyChainStore" */;
			compatibilityVersion = "Xcode 3.2";
			developmentRegion = English;
			hasScannedForEncodings = 0;
			knownRegions = (
				en,
			);
			mainGroup = 147256C91957100600989F75;
			productRefGroup = 147256D31957100600989F75 /* Products */;
			projectDirPath = "";
			projectRoot = "";
			targets = (
				147256D11957100600989F75 /* UICKeyChainStore */,
				147256E41957100600989F75 /* UICKeyChainStoreTests */,
			);
		};
/* End PBXProject section */

/* Begin PBXResourcesBuildPhase section */
		147256E31957100600989F75 /* Resources */ = {
			isa = PBXResourcesBuildPhase;
			buildActionMask = 2147483647;
			files = (
				147256F11957100600989F75 /* InfoPlist.strings in Resources */,
			);
			runOnlyForDeploymentPostprocessing = 0;
		};
/* End PBXResourcesBuildPhase section */

/* Begin PBXSourcesBuildPhase section */
		147256CE1957100600989F75 /* Sources */ = {
			isa = PBXSourcesBuildPhase;
			buildActionMask = 2147483647;
			files = (
				1472570F1957119900989F75 /* UICKeyChainStore.m in Sources */,
			);
			runOnlyForDeploymentPostprocessing = 0;
		};
		147256E11957100600989F75 /* Sources */ = {
			isa = PBXSourcesBuildPhase;
			buildActionMask = 2147483647;
			files = (
				147257101957119900989F75 /* UICKeyChainStore.m in Sources */,
				14A86CCA1A1DD98A002F5380 /* UICKeyChainStoreTests.m in Sources */,
			);
			runOnlyForDeploymentPostprocessing = 0;
		};
/* End PBXSourcesBuildPhase section */

/* Begin PBXTargetDependency section */
		147256EA1957100600989F75 /* PBXTargetDependency */ = {
			isa = PBXTargetDependency;
			target = 147256D11957100600989F75 /* UICKeyChainStore */;
			targetProxy = 147256E91957100600989F75 /* PBXContainerItemProxy */;
		};
/* End PBXTargetDependency section */

/* Begin PBXVariantGroup section */
		147256EF1957100600989F75 /* InfoPlist.strings */ = {
			isa = PBXVariantGroup;
			children = (
				147256F01957100600989F75 /* en */,
			);
			name = InfoPlist.strings;
			sourceTree = "<group>";
		};
/* End PBXVariantGroup section */

/* Begin XCBuildConfiguration section */
		147256F41957100600989F75 /* Debug */ = {
			isa = XCBuildConfiguration;
			buildSettings = {
				ALWAYS_SEARCH_USER_PATHS = NO;
				CLANG_CXX_LANGUAGE_STANDARD = "gnu++0x";
				CLANG_CXX_LIBRARY = "libc++";
				CLANG_ENABLE_MODULES = YES;
				CLANG_ENABLE_OBJC_ARC = YES;
				CLANG_WARN_BOOL_CONVERSION = YES;
				CLANG_WARN_CONSTANT_CONVERSION = YES;
				CLANG_WARN_DIRECT_OBJC_ISA_USAGE = YES_ERROR;
				CLANG_WARN_EMPTY_BODY = YES;
				CLANG_WARN_ENUM_CONVERSION = YES;
				CLANG_WARN_INT_CONVERSION = YES;
				CLANG_WARN_OBJC_ROOT_CLASS = YES_ERROR;
				CLANG_WARN__DUPLICATE_METHOD_MATCH = YES;
				COPY_PHASE_STRIP = NO;
				GCC_C_LANGUAGE_STANDARD = gnu99;
				GCC_DYNAMIC_NO_PIC = NO;
				GCC_ENABLE_OBJC_EXCEPTIONS = YES;
				GCC_OPTIMIZATION_LEVEL = 0;
				GCC_PREPROCESSOR_DEFINITIONS = (
					"DEBUG=1",
					"$(inherited)",
				);
				GCC_SYMBOLS_PRIVATE_EXTERN = NO;
				GCC_WARN_64_TO_32_BIT_CONVERSION = YES;
				GCC_WARN_ABOUT_RETURN_TYPE = YES_ERROR;
				GCC_WARN_UNDECLARED_SELECTOR = YES;
				GCC_WARN_UNINITIALIZED_AUTOS = YES_AGGRESSIVE;
				GCC_WARN_UNUSED_FUNCTION = YES;
				GCC_WARN_UNUSED_VARIABLE = YES;
				MACOSX_DEPLOYMENT_TARGET = 10.6;
				ONLY_ACTIVE_ARCH = YES;
				SDKROOT = macosx;
			};
			name = Debug;
		};
		147256F51957100600989F75 /* Release */ = {
			isa = XCBuildConfiguration;
			buildSettings = {
				ALWAYS_SEARCH_USER_PATHS = NO;
				CLANG_CXX_LANGUAGE_STANDARD = "gnu++0x";
				CLANG_CXX_LIBRARY = "libc++";
				CLANG_ENABLE_MODULES = YES;
				CLANG_ENABLE_OBJC_ARC = YES;
				CLANG_WARN_BOOL_CONVERSION = YES;
				CLANG_WARN_CONSTANT_CONVERSION = YES;
				CLANG_WARN_DIRECT_OBJC_ISA_USAGE = YES_ERROR;
				CLANG_WARN_EMPTY_BODY = YES;
				CLANG_WARN_ENUM_CONVERSION = YES;
				CLANG_WARN_INT_CONVERSION = YES;
				CLANG_WARN_OBJC_ROOT_CLASS = YES_ERROR;
				CLANG_WARN__DUPLICATE_METHOD_MATCH = YES;
				COPY_PHASE_STRIP = YES;
				DEBUG_INFORMATION_FORMAT = "dwarf-with-dsym";
				ENABLE_NS_ASSERTIONS = NO;
				GCC_C_LANGUAGE_STANDARD = gnu99;
				GCC_ENABLE_OBJC_EXCEPTIONS = YES;
				GCC_WARN_64_TO_32_BIT_CONVERSION = YES;
				GCC_WARN_ABOUT_RETURN_TYPE = YES_ERROR;
				GCC_WARN_UNDECLARED_SELECTOR = YES;
				GCC_WARN_UNINITIALIZED_AUTOS = YES_AGGRESSIVE;
				GCC_WARN_UNUSED_FUNCTION = YES;
				GCC_WARN_UNUSED_VARIABLE = YES;
				MACOSX_DEPLOYMENT_TARGET = 10.6;
				SDKROOT = macosx;
			};
			name = Release;
		};
		147256F71957100600989F75 /* Debug */ = {
			isa = XCBuildConfiguration;
			buildSettings = {
				GCC_PRECOMPILE_PREFIX_HEADER = YES;
				GCC_PREFIX_HEADER = "UICKeyChainStore/UICKeyChainStore-Prefix.pch";
				PRODUCT_NAME = "$(TARGET_NAME)";
			};
			name = Debug;
		};
		147256F81957100600989F75 /* Release */ = {
			isa = XCBuildConfiguration;
			buildSettings = {
				GCC_PRECOMPILE_PREFIX_HEADER = YES;
				GCC_PREFIX_HEADER = "UICKeyChainStore/UICKeyChainStore-Prefix.pch";
				PRODUCT_NAME = "$(TARGET_NAME)";
			};
			name = Release;
		};
		147256FA1957100600989F75 /* Debug */ = {
			isa = XCBuildConfiguration;
			buildSettings = {
				COMBINE_HIDPI_IMAGES = YES;
				FRAMEWORK_SEARCH_PATHS = (
					"$(DEVELOPER_FRAMEWORKS_DIR)",
					"$(inherited)",
				);
				GCC_PRECOMPILE_PREFIX_HEADER = YES;
				GCC_PREFIX_HEADER = "UICKeyChainStore/UICKeyChainStore-Prefix.pch";
				GCC_PREPROCESSOR_DEFINITIONS = (
					"DEBUG=1",
					"$(inherited)",
				);
				INFOPLIST_FILE = "UICKeyChainStoreTests/UICKeyChainStoreTests-Info.plist";
				PRODUCT_NAME = "$(TARGET_NAME)";
				WRAPPER_EXTENSION = xctest;
			};
			name = Debug;
		};
		147256FB1957100600989F75 /* Release */ = {
			isa = XCBuildConfiguration;
			buildSettings = {
				COMBINE_HIDPI_IMAGES = YES;
				FRAMEWORK_SEARCH_PATHS = (
					"$(DEVELOPER_FRAMEWORKS_DIR)",
					"$(inherited)",
				);
				GCC_PRECOMPILE_PREFIX_HEADER = YES;
				GCC_PREFIX_HEADER = "UICKeyChainStore/UICKeyChainStore-Prefix.pch";
				INFOPLIST_FILE = "UICKeyChainStoreTests/UICKeyChainStoreTests-Info.plist";
				PRODUCT_NAME = "$(TARGET_NAME)";
				WRAPPER_EXTENSION = xctest;
			};
			name = Release;
		};
/* End XCBuildConfiguration section */

/* Begin XCConfigurationList section */
		147256CD1957100600989F75 /* Build configuration list for PBXProject "UICKeyChainStore" */ = {
			isa = XCConfigurationList;
			buildConfigurations = (
				147256F41957100600989F75 /* Debug */,
				147256F51957100600989F75 /* Release */,
			);
			defaultConfigurationIsVisible = 0;
			defaultConfigurationName = Release;
		};
		147256F61957100600989F75 /* Build configuration list for PBXNativeTarget "UICKeyChainStore" */ = {
			isa = XCConfigurationList;
			buildConfigurations = (
				147256F71957100600989F75 /* Debug */,
				147256F81957100600989F75 /* Release */,
			);
			defaultConfigurationIsVisible = 0;
			defaultConfigurationName = Release;
		};
		147256F91957100600989F75 /* Build configuration list for PBXNativeTarget "UICKeyChainStoreTests" */ = {
			isa = XCConfigurationList;
			buildConfigurations = (
				147256FA1957100600989F75 /* Debug */,
				147256FB1957100600989F75 /* Release */,
			);
			defaultConfigurationIsVisible = 0;
			defaultConfigurationName = Release;
		};
/* End XCConfigurationList section */
	};
	rootObject = 147256CA1957100600989F75 /* Project object */;
}
