// !$*UTF8*$!
{
	archiveVersion = 1;
	classes = {
	};
	objectVersion = 46;
	objects = {

/* Begin PBXBuildFile section */
		1472569B19570FB600989F75 /* Foundation.framework in Frameworks */ = {isa = PBXBuildFile; fileRef = 1472569A19570FB600989F75 /* Foundation.framework */; };
		1472569D19570FB600989F75 /* CoreGraphics.framework in Frameworks */ = {isa = PBXBuildFile; fileRef = 1472569C19570FB600989F75 /* CoreGraphics.framework */; };
		1472569F19570FB600989F75 /* UIKit.framework in Frameworks */ = {isa = PBXBuildFile; fileRef = 1472569E19570FB600989F75 /* UIKit.framework */; };
		147256A519570FB600989F75 /* InfoPlist.strings in Resources */ = {isa = PBXBuildFile; fileRef = 147256A319570FB600989F75 /* InfoPlist.strings */; };
		147256A719570FB600989F75 /* main.m in Sources */ = {isa = PBXBuildFile; fileRef = 147256A619570FB600989F75 /* main.m */; };
		147256AB19570FB600989F75 /* UICAppDelegate.m in Sources */ = {isa = PBXBuildFile; fileRef = 147256AA19570FB600989F75 /* UICAppDelegate.m */; };
		147256AD19570FB600989F75 /* Images.xcassets in Resources */ = {isa = PBXBuildFile; fileRef = 147256AC19570FB600989F75 /* Images.xcassets */; };
		147256B419570FB600989F75 /* XCTest.framework in Frameworks */ = {isa = PBXBuildFile; fileRef = 147256B319570FB600989F75 /* XCTest.framework */; };
		147256B519570FB600989F75 /* Foundation.framework in Frameworks */ = {isa = PBXBuildFile; fileRef = 1472569A19570FB600989F75 /* Foundation.framework */; };
		147256B619570FB600989F75 /* UIKit.framework in Frameworks */ = {isa = PBXBuildFile; fileRef = 1472569E19570FB600989F75 /* UIKit.framework */; };
		147256BE19570FB600989F75 /* InfoPlist.strings in Resources */ = {isa = PBXBuildFile; fileRef = 147256BC19570FB600989F75 /* InfoPlist.strings */; };
		147257091957118800989F75 /* UICKeyChainStore.m in Sources */ = {isa = PBXBuildFile; fileRef = 147257081957118800989F75 /* UICKeyChainStore.m */; };
		14A86CC81A1DD980002F5380 /* UICKeyChainStoreTests.m in Sources */ = {isa = PBXBuildFile; fileRef = 14A86CC71A1DD980002F5380 /* UICKeyChainStoreTests.m */; };
		713BCDFE1A58F672000F2D96 /* UICKeyChainItem.m in Sources */ = {isa = PBXBuildFile; fileRef = 713BCDFD1A58F672000F2D96 /* UICKeyChainItem.m */; };
/* End PBXBuildFile section */

/* Begin PBXContainerItemProxy section */
		147256B719570FB600989F75 /* PBXContainerItemProxy */ = {
			isa = PBXContainerItemProxy;
			containerPortal = 1472568F19570FB600989F75 /* Project object */;
			proxyType = 1;
			remoteGlobalIDString = 1472569619570FB600989F75;
			remoteInfo = UICKeyChainStore;
		};
/* End PBXContainerItemProxy section */

/* Begin PBXFileReference section */
		1472569719570FB600989F75 /* UICKeyChainStore.app */ = {isa = PBXFileReference; explicitFileType = wrapper.application; includeInIndex = 0; path = UICKeyChainStore.app; sourceTree = BUILT_PRODUCTS_DIR; };
		1472569A19570FB600989F75 /* Foundation.framework */ = {isa = PBXFileReference; lastKnownFileType = wrapper.framework; name = Foundation.framework; path = System/Library/Frameworks/Foundation.framework; sourceTree = SDKROOT; };
		1472569C19570FB600989F75 /* CoreGraphics.framework */ = {isa = PBXFileReference; lastKnownFileType = wrapper.framework; name = CoreGraphics.framework; path = System/Library/Frameworks/CoreGraphics.framework; sourceTree = SDKROOT; };
		1472569E19570FB600989F75 /* UIKit.framework */ = {isa = PBXFileReference; lastKnownFileType = wrapper.framework; name = UIKit.framework; path = System/Library/Frameworks/UIKit.framework; sourceTree = SDKROOT; };
		147256A219570FB600989F75 /* UICKeyChainStore-Info.plist */ = {isa = PBXFileReference; lastKnownFileType = text.plist.xml; path = "UICKeyChainStore-Info.plist"; sourceTree = "<group>"; };
		147256A419570FB600989F75 /* en */ = {isa = PBXFileReference; lastKnownFileType = text.plist.strings; name = en; path = en.lproj/InfoPlist.strings; sourceTree = "<group>"; };
		147256A619570FB600989F75 /* main.m */ = {isa = PBXFileReference; lastKnownFileType = sourcecode.c.objc; path = main.m; sourceTree = "<group>"; };
		147256A819570FB600989F75 /* UICKeyChainStore-Prefix.pch */ = {isa = PBXFileReference; lastKnownFileType = sourcecode.c.h; path = "UICKeyChainStore-Prefix.pch"; sourceTree = "<group>"; };
		147256A919570FB600989F75 /* UICAppDelegate.h */ = {isa = PBXFileReference; lastKnownFileType = sourcecode.c.h; path = UICAppDelegate.h; sourceTree = "<group>"; };
		147256AA19570FB600989F75 /* UICAppDelegate.m */ = {isa = PBXFileReference; lastKnownFileType = sourcecode.c.objc; path = UICAppDelegate.m; sourceTree = "<group>"; };
		147256AC19570FB600989F75 /* Images.xcassets */ = {isa = PBXFileReference; lastKnownFileType = folder.assetcatalog; path = Images.xcassets; sourceTree = "<group>"; };
		147256B219570FB600989F75 /* UICKeyChainStoreTests.xctest */ = {isa = PBXFileReference; explicitFileType = wrapper.cfbundle; includeInIndex = 0; path = UICKeyChainStoreTests.xctest; sourceTree = BUILT_PRODUCTS_DIR; };
		147256B319570FB600989F75 /* XCTest.framework */ = {isa = PBXFileReference; lastKnownFileType = wrapper.framework; name = XCTest.framework; path = Library/Frameworks/XCTest.framework; sourceTree = DEVELOPER_DIR; };
		147256BB19570FB600989F75 /* UICKeyChainStoreTests-Info.plist */ = {isa = PBXFileReference; lastKnownFileType = text.plist.xml; path = "UICKeyChainStoreTests-Info.plist"; sourceTree = "<group>"; };
		147256BD19570FB600989F75 /* en */ = {isa = PBXFileReference; lastKnownFileType = text.plist.strings; name = en; path = en.lproj/InfoPlist.strings; sourceTree = "<group>"; };
		147257071957118800989F75 /* UICKeyChainStore.h */ = {isa = PBXFileReference; fileEncoding = 4; lastKnownFileType = sourcecode.c.h; path = UICKeyChainStore.h; sourceTree = "<group>"; };
		147257081957118800989F75 /* UICKeyChainStore.m */ = {isa = PBXFileReference; fileEncoding = 4; lastKnownFileType = sourcecode.c.objc; path = UICKeyChainStore.m; sourceTree = "<group>"; };
		14A86CC71A1DD980002F5380 /* UICKeyChainStoreTests.m */ = {isa = PBXFileReference; fileEncoding = 4; lastKnownFileType = sourcecode.c.objc; name = UICKeyChainStoreTests.m; path = ../../Tests/UICKeyChainStoreTests.m; sourceTree = "<group>"; };
		713BCDFC1A58F672000F2D96 /* UICKeyChainItem.h */ = {isa = PBXFileReference; fileEncoding = 4; lastKnownFileType = sourcecode.c.h; path = UICKeyChainItem.h; sourceTree = "<group>"; };
		713BCDFD1A58F672000F2D96 /* UICKeyChainItem.m */ = {isa = PBXFileReference; fileEncoding = 4; lastKnownFileType = sourcecode.c.objc; path = UICKeyChainItem.m; sourceTree = "<group>"; };
/* End PBXFileReference section */

/* Begin PBXFrameworksBuildPhase section */
		1472569419570FB600989F75 /* Frameworks */ = {
			isa = PBXFrameworksBuildPhase;
			buildActionMask = 2147483647;
			files = (
				1472569D19570FB600989F75 /* CoreGraphics.framework in Frameworks */,
				1472569F19570FB600989F75 /* UIKit.framework in Frameworks */,
				1472569B19570FB600989F75 /* Foundation.framework in Frameworks */,
			);
			runOnlyForDeploymentPostprocessing = 0;
		};
		147256AF19570FB600989F75 /* Frameworks */ = {
			isa = PBXFrameworksBuildPhase;
			buildActionMask = 2147483647;
			files = (
				147256B419570FB600989F75 /* XCTest.framework in Frameworks */,
				147256B619570FB600989F75 /* UIKit.framework in Frameworks */,
				147256B519570FB600989F75 /* Foundation.framework in Frameworks */,
			);
			runOnlyForDeploymentPostprocessing = 0;
		};
/* End PBXFrameworksBuildPhase section */

/* Begin PBXGroup section */
		1472568E19570FB600989F75 = {
			isa = PBXGroup;
			children = (
				147257061957118800989F75 /* Lib */,
				147256A019570FB600989F75 /* UICKeyChainStore */,
				147256B919570FB600989F75 /* UICKeyChainStoreTests */,
				1472569919570FB600989F75 /* Frameworks */,
				1472569819570FB600989F75 /* Products */,
			);
			sourceTree = "<group>";
		};
		1472569819570FB600989F75 /* Products */ = {
			isa = PBXGroup;
			children = (
				1472569719570FB600989F75 /* UICKeyChainStore.app */,
				147256B219570FB600989F75 /* UICKeyChainStoreTests.xctest */,
			);
			name = Products;
			sourceTree = "<group>";
		};
		1472569919570FB600989F75 /* Frameworks */ = {
			isa = PBXGroup;
			children = (
				1472569A19570FB600989F75 /* Foundation.framework */,
				1472569C19570FB600989F75 /* CoreGraphics.framework */,
				1472569E19570FB600989F75 /* UIKit.framework */,
				147256B319570FB600989F75 /* XCTest.framework */,
			);
			name = Frameworks;
			sourceTree = "<group>";
		};
		147256A019570FB600989F75 /* UICKeyChainStore */ = {
			isa = PBXGroup;
			children = (
				147256A919570FB600989F75 /* UICAppDelegate.h */,
				147256AA19570FB600989F75 /* UICAppDelegate.m */,
				147256AC19570FB600989F75 /* Images.xcassets */,
				147256A119570FB600989F75 /* Supporting Files */,
			);
			path = UICKeyChainStore;
			sourceTree = "<group>";
		};
		147256A119570FB600989F75 /* Supporting Files */ = {
			isa = PBXGroup;
			children = (
				147256A219570FB600989F75 /* UICKeyChainStore-Info.plist */,
				147256A319570FB600989F75 /* InfoPlist.strings */,
				147256A619570FB600989F75 /* main.m */,
				147256A819570FB600989F75 /* UICKeyChainStore-Prefix.pch */,
			);
			name = "Supporting Files";
			sourceTree = "<group>";
		};
		147256B919570FB600989F75 /* UICKeyChainStoreTests */ = {
			isa = PBXGroup;
			children = (
				14A86CC71A1DD980002F5380 /* UICKeyChainStoreTests.m */,
				147256BA19570FB600989F75 /* Supporting Files */,
			);
			path = UICKeyChainStoreTests;
			sourceTree = "<group>";
		};
		147256BA19570FB600989F75 /* Supporting Files */ = {
			isa = PBXGroup;
			children = (
				147256BB19570FB600989F75 /* UICKeyChainStoreTests-Info.plist */,
				147256BC19570FB600989F75 /* InfoPlist.strings */,
			);
			name = "Supporting Files";
			sourceTree = "<group>";
		};
		147257061957118800989F75 /* Lib */ = {
			isa = PBXGroup;
			children = (
				713BCDFC1A58F672000F2D96 /* UICKeyChainItem.h */,
				713BCDFD1A58F672000F2D96 /* UICKeyChainItem.m */,
				147257071957118800989F75 /* UICKeyChainStore.h */,
				147257081957118800989F75 /* UICKeyChainStore.m */,
			);
			name = Lib;
			path = ../Lib;
			sourceTree = "<group>";
		};
/* End PBXGroup section */

/* Begin PBXNativeTarget section */
		1472569619570FB600989F75 /* UICKeyChainStore */ = {
			isa = PBXNativeTarget;
			buildConfigurationList = 147256C319570FB600989F75 /* Build configuration list for PBXNativeTarget "UICKeyChainStore" */;
			buildPhases = (
				1472569319570FB600989F75 /* Sources */,
				1472569419570FB600989F75 /* Frameworks */,
				1472569519570FB600989F75 /* Resources */,
				14BB4C291A58648D0005FCC3 /* ShellScript */,
			);
			buildRules = (
			);
			dependencies = (
			);
			name = UICKeyChainStore;
			productName = UICKeyChainStore;
			productReference = 1472569719570FB600989F75 /* UICKeyChainStore.app */;
			productType = "com.apple.product-type.application";
		};
		147256B119570FB600989F75 /* UICKeyChainStoreTests */ = {
			isa = PBXNativeTarget;
			buildConfigurationList = 147256C619570FB600989F75 /* Build configuration list for PBXNativeTarget "UICKeyChainStoreTests" */;
			buildPhases = (
				147256AE19570FB600989F75 /* Sources */,
				147256AF19570FB600989F75 /* Frameworks */,
				147256B019570FB600989F75 /* Resources */,
			);
			buildRules = (
			);
			dependencies = (
				147256B819570FB600989F75 /* PBXTargetDependency */,
			);
			name = UICKeyChainStoreTests;
			productName = UICKeyChainStoreTests;
			productReference = 147256B219570FB600989F75 /* UICKeyChainStoreTests.xctest */;
			productType = "com.apple.product-type.bundle.unit-test";
		};
/* End PBXNativeTarget section */

/* Begin PBXProject section */
		1472568F19570FB600989F75 /* Project object */ = {
			isa = PBXProject;
			attributes = {
				CLASSPREFIX = UIC;
				LastUpgradeCheck = 0510;
				ORGANIZATIONNAME = "kishikawa katsumi";
				TargetAttributes = {
					147256B119570FB600989F75 = {
						TestTargetID = 1472569619570FB600989F75;
					};
				};
			};
			buildConfigurationList = 1472569219570FB600989F75 /* Build configuration list for PBXProject "UICKeyChainStore" */;
			compatibilityVersion = "Xcode 3.2";
			developmentRegion = English;
			hasScannedForEncodings = 0;
			knownRegions = (
				en,
			);
			mainGroup = 1472568E19570FB600989F75;
			productRefGroup = 1472569819570FB600989F75 /* Products */;
			projectDirPath = "";
			projectRoot = "";
			targets = (
				1472569619570FB600989F75 /* UICKeyChainStore */,
				147256B119570FB600989F75 /* UICKeyChainStoreTests */,
			);
		};
/* End PBXProject section */

/* Begin PBXResourcesBuildPhase section */
		1472569519570FB600989F75 /* Resources */ = {
			isa = PBXResourcesBuildPhase;
			buildActionMask = 2147483647;
			files = (
				147256A519570FB600989F75 /* InfoPlist.strings in Resources */,
				147256AD19570FB600989F75 /* Images.xcassets in Resources */,
			);
			runOnlyForDeploymentPostprocessing = 0;
		};
		147256B019570FB600989F75 /* Resources */ = {
			isa = PBXResourcesBuildPhase;
			buildActionMask = 2147483647;
			files = (
				147256BE19570FB600989F75 /* InfoPlist.strings in Resources */,
			);
			runOnlyForDeploymentPostprocessing = 0;
		};
/* End PBXResourcesBuildPhase section */

/* Begin PBXShellScriptBuildPhase section */
		14BB4C291A58648D0005FCC3 /* ShellScript */ = {
			isa = PBXShellScriptBuildPhase;
			buildActionMask = 2147483647;
			files = (
			);
			inputPaths = (
			);
			outputPaths = (
			);
			runOnlyForDeploymentPostprocessing = 0;
			shellPath = /bin/sh;
			shellScript = "Script/create-coveralls-script.sh";
		};
/* End PBXShellScriptBuildPhase section */

/* Begin PBXSourcesBuildPhase section */
		1472569319570FB600989F75 /* Sources */ = {
			isa = PBXSourcesBuildPhase;
			buildActionMask = 2147483647;
			files = (
				713BCDFE1A58F672000F2D96 /* UICKeyChainItem.m in Sources */,
				147256AB19570FB600989F75 /* UICAppDelegate.m in Sources */,
				147256A719570FB600989F75 /* main.m in Sources */,
				147257091957118800989F75 /* UICKeyChainStore.m in Sources */,
			);
			runOnlyForDeploymentPostprocessing = 0;
		};
		147256AE19570FB600989F75 /* Sources */ = {
			isa = PBXSourcesBuildPhase;
			buildActionMask = 2147483647;
			files = (
				14A86CC81A1DD980002F5380 /* UICKeyChainStoreTests.m in Sources */,
			);
			runOnlyForDeploymentPostprocessing = 0;
		};
/* End PBXSourcesBuildPhase section */

/* Begin PBXTargetDependency section */
		147256B819570FB600989F75 /* PBXTargetDependency */ = {
			isa = PBXTargetDependency;
			target = 1472569619570FB600989F75 /* UICKeyChainStore */;
			targetProxy = 147256B719570FB600989F75 /* PBXContainerItemProxy */;
		};
/* End PBXTargetDependency section */

/* Begin PBXVariantGroup section */
		147256A319570FB600989F75 /* InfoPlist.strings */ = {
			isa = PBXVariantGroup;
			children = (
				147256A419570FB600989F75 /* en */,
			);
			name = InfoPlist.strings;
			sourceTree = "<group>";
		};
		147256BC19570FB600989F75 /* InfoPlist.strings */ = {
			isa = PBXVariantGroup;
			children = (
				147256BD19570FB600989F75 /* en */,
			);
			name = InfoPlist.strings;
			sourceTree = "<group>";
		};
/* End PBXVariantGroup section */

/* Begin XCBuildConfiguration section */
		147256C119570FB600989F75 /* Debug */ = {
			isa = XCBuildConfiguration;
			buildSettings = {
				ALWAYS_SEARCH_USER_PATHS = NO;
				CLANG_CXX_LANGUAGE_STANDARD = "gnu++0x";
				CLANG_CXX_LIBRARY = "libc++";
				CLANG_ENABLE_MODULES = YES;
				CLANG_ENABLE_OBJC_ARC = YES;
				CLANG_WARN_BOOL_CONVERSION = YES;
				CLANG_WARN_CONSTANT_CONVERSION = YES;
				CLANG_WARN_DIRECT_OBJC_ISA_USAGE = YES_ERROR;
				CLANG_WARN_EMPTY_BODY = YES;
				CLANG_WARN_ENUM_CONVERSION = YES;
				CLANG_WARN_INT_CONVERSION = YES;
				CLANG_WARN_OBJC_ROOT_CLASS = YES_ERROR;
				CLANG_WARN__DUPLICATE_METHOD_MATCH = YES;
				"CODE_SIGN_IDENTITY[sdk=iphoneos*]" = "iPhone Developer";
				COPY_PHASE_STRIP = NO;
				GCC_C_LANGUAGE_STANDARD = gnu99;
				GCC_DYNAMIC_NO_PIC = NO;
				GCC_OPTIMIZATION_LEVEL = 0;
				GCC_PREPROCESSOR_DEFINITIONS = (
					"DEBUG=1",
					"$(inherited)",
				);
				GCC_SYMBOLS_PRIVATE_EXTERN = NO;
				GCC_WARN_64_TO_32_BIT_CONVERSION = YES;
				GCC_WARN_ABOUT_RETURN_TYPE = YES_ERROR;
				GCC_WARN_UNDECLARED_SELECTOR = YES;
				GCC_WARN_UNINITIALIZED_AUTOS = YES_AGGRESSIVE;
				GCC_WARN_UNUSED_FUNCTION = YES;
				GCC_WARN_UNUSED_VARIABLE = YES;
				IPHONEOS_DEPLOYMENT_TARGET = 4.3;
				ONLY_ACTIVE_ARCH = YES;
				SDKROOT = iphoneos;
			};
			name = Debug;
		};
		147256C219570FB600989F75 /* Release */ = {
			isa = XCBuildConfiguration;
			buildSettings = {
				ALWAYS_SEARCH_USER_PATHS = NO;
				CLANG_CXX_LANGUAGE_STANDARD = "gnu++0x";
				CLANG_CXX_LIBRARY = "libc++";
				CLANG_ENABLE_MODULES = YES;
				CLANG_ENABLE_OBJC_ARC = YES;
				CLANG_WARN_BOOL_CONVERSION = YES;
				CLANG_WARN_CONSTANT_CONVERSION = YES;
				CLANG_WARN_DIRECT_OBJC_ISA_USAGE = YES_ERROR;
				CLANG_WARN_EMPTY_BODY = YES;
				CLANG_WARN_ENUM_CONVERSION = YES;
				CLANG_WARN_INT_CONVERSION = YES;
				CLANG_WARN_OBJC_ROOT_CLASS = YES_ERROR;
				CLANG_WARN__DUPLICATE_METHOD_MATCH = YES;
				"CODE_SIGN_IDENTITY[sdk=iphoneos*]" = "iPhone Developer";
				COPY_PHASE_STRIP = YES;
				ENABLE_NS_ASSERTIONS = NO;
				GCC_C_LANGUAGE_STANDARD = gnu99;
				GCC_WARN_64_TO_32_BIT_CONVERSION = YES;
				GCC_WARN_ABOUT_RETURN_TYPE = YES_ERROR;
				GCC_WARN_UNDECLARED_SELECTOR = YES;
				GCC_WARN_UNINITIALIZED_AUTOS = YES_AGGRESSIVE;
				GCC_WARN_UNUSED_FUNCTION = YES;
				GCC_WARN_UNUSED_VARIABLE = YES;
				IPHONEOS_DEPLOYMENT_TARGET = 4.3;
				SDKROOT = iphoneos;
				VALIDATE_PRODUCT = YES;
			};
			name = Release;
		};
		147256C419570FB600989F75 /* Debug */ = {
			isa = XCBuildConfiguration;
			buildSettings = {
				ASSETCATALOG_COMPILER_APPICON_NAME = AppIcon;
				ASSETCATALOG_COMPILER_LAUNCHIMAGE_NAME = LaunchImage;
				GCC_PRECOMPILE_PREFIX_HEADER = YES;
				GCC_PREFIX_HEADER = "UICKeyChainStore/UICKeyChainStore-Prefix.pch";
				INFOPLIST_FILE = "UICKeyChainStore/UICKeyChainStore-Info.plist";
				PRODUCT_NAME = "$(TARGET_NAME)";
				WRAPPER_EXTENSION = app;
			};
			name = Debug;
		};
		147256C519570FB600989F75 /* Release */ = {
			isa = XCBuildConfiguration;
			buildSettings = {
				ASSETCATALOG_COMPILER_APPICON_NAME = AppIcon;
				ASSETCATALOG_COMPILER_LAUNCHIMAGE_NAME = LaunchImage;
				GCC_PRECOMPILE_PREFIX_HEADER = YES;
				GCC_PREFIX_HEADER = "UICKeyChainStore/UICKeyChainStore-Prefix.pch";
				INFOPLIST_FILE = "UICKeyChainStore/UICKeyChainStore-Info.plist";
				PRODUCT_NAME = "$(TARGET_NAME)";
				WRAPPER_EXTENSION = app;
			};
			name = Release;
		};
		147256C719570FB600989F75 /* Debug */ = {
			isa = XCBuildConfiguration;
			buildSettings = {
				BUNDLE_LOADER = "$(BUILT_PRODUCTS_DIR)/UICKeyChainStore.app/UICKeyChainStore";
				FRAMEWORK_SEARCH_PATHS = (
					"$(SDKROOT)/Developer/Library/Frameworks",
					"$(inherited)",
					"$(DEVELOPER_FRAMEWORKS_DIR)",
				);
				GCC_PRECOMPILE_PREFIX_HEADER = YES;
				GCC_PREFIX_HEADER = "UICKeyChainStore/UICKeyChainStore-Prefix.pch";
				GCC_PREPROCESSOR_DEFINITIONS = (
					"DEBUG=1",
					"$(inherited)",
				);
				INFOPLIST_FILE = "UICKeyChainStoreTests/UICKeyChainStoreTests-Info.plist";
				PRODUCT_NAME = "$(TARGET_NAME)";
				TEST_HOST = "$(BUNDLE_LOADER)";
				WRAPPER_EXTENSION = xctest;
			};
			name = Debug;
		};
		147256C819570FB600989F75 /* Release */ = {
			isa = XCBuildConfiguration;
			buildSettings = {
				BUNDLE_LOADER = "$(BUILT_PRODUCTS_DIR)/UICKeyChainStore.app/UICKeyChainStore";
				FRAMEWORK_SEARCH_PATHS = (
					"$(SDKROOT)/Developer/Library/Frameworks",
					"$(inherited)",
					"$(DEVELOPER_FRAMEWORKS_DIR)",
				);
				GCC_PRECOMPILE_PREFIX_HEADER = YES;
				GCC_PREFIX_HEADER = "UICKeyChainStore/UICKeyChainStore-Prefix.pch";
				INFOPLIST_FILE = "UICKeyChainStoreTests/UICKeyChainStoreTests-Info.plist";
				PRODUCT_NAME = "$(TARGET_NAME)";
				TEST_HOST = "$(BUNDLE_LOADER)";
				WRAPPER_EXTENSION = xctest;
			};
			name = Release;
		};
/* End XCBuildConfiguration section */

/* Begin XCConfigurationList section */
		1472569219570FB600989F75 /* Build configuration list for PBXProject "UICKeyChainStore" */ = {
			isa = XCConfigurationList;
			buildConfigurations = (
				147256C119570FB600989F75 /* Debug */,
				147256C219570FB600989F75 /* Release */,
			);
			defaultConfigurationIsVisible = 0;
			defaultConfigurationName = Release;
		};
		147256C319570FB600989F75 /* Build configuration list for PBXNativeTarget "UICKeyChainStore" */ = {
			isa = XCConfigurationList;
			buildConfigurations = (
				147256C419570FB600989F75 /* Debug */,
				147256C519570FB600989F75 /* Release */,
			);
			defaultConfigurationIsVisible = 0;
			defaultConfigurationName = Release;
		};
		147256C619570FB600989F75 /* Build configuration list for PBXNativeTarget "UICKeyChainStoreTests" */ = {
			isa = XCConfigurationList;
			buildConfigurations = (
				147256C719570FB600989F75 /* Debug */,
				147256C819570FB600989F75 /* Release */,
			);
			defaultConfigurationIsVisible = 0;
			defaultConfigurationName = Release;
		};
/* End XCConfigurationList section */
	};
	rootObject = 1472568F19570FB600989F75 /* Project object */;
}
