// !$*UTF8*$!
{
	archiveVersion = 1;
	classes = {
	};
	objectVersion = 46;
	objects = {

/* Begin PBXBuildFile section */
		14796A481C1CD9A500169D09 /* UICKeyChainStore.m in Sources */ = {isa = PBXBuildFile; fileRef = 14A59CD71A62D4C3006561CC /* UICKeyChainStore.m */; };
		14796A4B1C1CD9A500169D09 /* UICKeyChainStore.h in Headers */ = {isa = PBXBuildFile; fileRef = 14A59CA21A62CF6E006561CC /* UICKeyChainStore.h */; settings = {ATTRIBUTES = (Public, ); }; };
		14796A561C1CD9B500169D09 /* UICKeyChainStoreTests.m in Sources */ = {isa = PBXBuildFile; fileRef = 14A59CAF1A62CF6E006561CC /* UICKeyChainStoreTests.m */; };
		14796A571C1CD9B500169D09 /* UICKeyChainStoreForwardCompatibilityTests.m in Sources */ = {isa = PBXBuildFile; fileRef = 3ACDC2881A931CE900C7A63A /* UICKeyChainStoreForwardCompatibilityTests.m */; };
		14796A581C1CD9B500169D09 /* UICv1KeyChainStore.m in Sources */ = {isa = PBXBuildFile; fileRef = 3ACDC27E1A931BCE00C7A63A /* UICv1KeyChainStore.m */; };
		14796A631C1CD9C900169D09 /* UICKeyChainStore.m in Sources */ = {isa = PBXBuildFile; fileRef = 14A59CD71A62D4C3006561CC /* UICKeyChainStore.m */; };
		148993CA1D8F24DB000132F7 /* UICKeyChainStore.framework in Frameworks */ = {isa = PBXBuildFile; fileRef = 14796A501C1CD9A500169D09 /* UICKeyChainStore.framework */; };
		148993D31D8F2515000132F7 /* main.m in Sources */ = {isa = PBXBuildFile; fileRef = 148993D21D8F2515000132F7 /* main.m */; };
/* End PBXBuildFile section */

/* Begin PBXContainerItemProxy section */
		14021B942169FD00006AD6AE /* PBXContainerItemProxy */ = {
			isa = PBXContainerItemProxy;
			containerPortal = 14A59C941A62CF6E006561CC /* Project object */;
			proxyType = 1;
			remoteGlobalIDString = 148993CE1D8F2515000132F7;
			remoteInfo = TestHost;
		};
/* End PBXContainerItemProxy section */

/* Begin PBXCopyFilesBuildPhase section */
		14796A651C1CD9C900169D09 /* CopyFiles */ = {
			isa = PBXCopyFilesBuildPhase;
			buildActionMask = 2147483647;
			dstPath = "include/$(PRODUCT_NAME)";
			dstSubfolderSpec = 16;
			files = (
			);
			runOnlyForDeploymentPostprocessing = 0;
		};
/* End PBXCopyFilesBuildPhase section */

/* Begin PBXFileReference section */
		143BF28E1C1CD598002BE6B3 /* Base.xcconfig */ = {isa = PBXFileReference; lastKnownFileType = text.xcconfig; name = Base.xcconfig; path = Configurations/Base.xcconfig; sourceTree = "<group>"; };
		143BF28F1C1CD598002BE6B3 /* Debug.xcconfig */ = {isa = PBXFileReference; lastKnownFileType = text.xcconfig; name = Debug.xcconfig; path = Configurations/Debug.xcconfig; sourceTree = "<group>"; };
		143BF2901C1CD598002BE6B3 /* Release.xcconfig */ = {isa = PBXFileReference; lastKnownFileType = text.xcconfig; name = Release.xcconfig; path = Configurations/Release.xcconfig; sourceTree = "<group>"; };
		143BF2911C1CD598002BE6B3 /* Tests.xcconfig */ = {isa = PBXFileReference; lastKnownFileType = text.xcconfig; name = Tests.xcconfig; path = Configurations/Tests.xcconfig; sourceTree = "<group>"; };
		143BF2921C1CD598002BE6B3 /* UICKeyChainStore.xcconfig */ = {isa = PBXFileReference; lastKnownFileType = text.xcconfig; name = UICKeyChainStore.xcconfig; path = Configurations/UICKeyChainStore.xcconfig; sourceTree = "<group>"; };
		1478088D1D8F285E007FA638 /* TestHost.entitlements */ = {isa = PBXFileReference; lastKnownFileType = text.plist.entitlements; path = TestHost.entitlements; sourceTree = "<group>"; };
		14796A501C1CD9A500169D09 /* UICKeyChainStore.framework */ = {isa = PBXFileReference; explicitFileType = wrapper.framework; includeInIndex = 0; path = UICKeyChainStore.framework; sourceTree = BUILT_PRODUCTS_DIR; };
		14796A5F1C1CD9B500169D09 /* UICKeyChainStoreTests.xctest */ = {isa = PBXFileReference; explicitFileType = wrapper.cfbundle; includeInIndex = 0; path = UICKeyChainStoreTests.xctest; sourceTree = BUILT_PRODUCTS_DIR; };
		14796A691C1CD9C900169D09 /* libUICKeyChainStore.a */ = {isa = PBXFileReference; explicitFileType = archive.ar; includeInIndex = 0; path = libUICKeyChainStore.a; sourceTree = BUILT_PRODUCTS_DIR; };
		14796A791C1CDB8A00169D09 /* libUICKeyChainStore.xcconfig */ = {isa = PBXFileReference; lastKnownFileType = text.xcconfig; name = libUICKeyChainStore.xcconfig; path = Configurations/libUICKeyChainStore.xcconfig; sourceTree = "<group>"; };
		148993CF1D8F2515000132F7 /* TestHost.app */ = {isa = PBXFileReference; explicitFileType = wrapper.application; includeInIndex = 0; path = TestHost.app; sourceTree = BUILT_PRODUCTS_DIR; };
		148993D21D8F2515000132F7 /* main.m */ = {isa = PBXFileReference; lastKnownFileType = sourcecode.c.objc; path = main.m; sourceTree = "<group>"; };
		148993E21D8F2515000132F7 /* Info.plist */ = {isa = PBXFileReference; lastKnownFileType = text.plist.xml; path = Info.plist; sourceTree = "<group>"; };
		14A59CA11A62CF6E006561CC /* Info.plist */ = {isa = PBXFileReference; lastKnownFileType = text.plist.xml; path = Info.plist; sourceTree = "<group>"; };
		14A59CA21A62CF6E006561CC /* UICKeyChainStore.h */ = {isa = PBXFileReference; lastKnownFileType = sourcecode.c.h; path = UICKeyChainStore.h; sourceTree = "<group>"; };
		14A59CAE1A62CF6E006561CC /* Info.plist */ = {isa = PBXFileReference; lastKnownFileType = text.plist.xml; path = Info.plist; sourceTree = "<group>"; };
		14A59CAF1A62CF6E006561CC /* UICKeyChainStoreTests.m */ = {isa = PBXFileReference; lastKnownFileType = sourcecode.c.objc; path = UICKeyChainStoreTests.m; sourceTree = "<group>"; };
		14A59CD71A62D4C3006561CC /* UICKeyChainStore.m */ = {isa = PBXFileReference; fileEncoding = 4; lastKnownFileType = sourcecode.c.objc; path = UICKeyChainStore.m; sourceTree = "<group>"; };
		14F2A00B1D8F31A3000B135F /* TestHost.xcconfig */ = {isa = PBXFileReference; lastKnownFileType = text.xcconfig; name = TestHost.xcconfig; path = Configurations/TestHost.xcconfig; sourceTree = "<group>"; };
		3ACDC27D1A931BCE00C7A63A /* UICv1KeyChainStore.h */ = {isa = PBXFileReference; fileEncoding = 4; lastKnownFileType = sourcecode.c.h; path = UICv1KeyChainStore.h; sourceTree = "<group>"; };
		3ACDC27E1A931BCE00C7A63A /* UICv1KeyChainStore.m */ = {isa = PBXFileReference; fileEncoding = 4; lastKnownFileType = sourcecode.c.objc; path = UICv1KeyChainStore.m; sourceTree = "<group>"; };
		3ACDC2881A931CE900C7A63A /* UICKeyChainStoreForwardCompatibilityTests.m */ = {isa = PBXFileReference; fileEncoding = 4; lastKnownFileType = sourcecode.c.objc; path = UICKeyChainStoreForwardCompatibilityTests.m; sourceTree = "<group>"; };
/* End PBXFileReference section */

/* Begin PBXFrameworksBuildPhase section */
		14796A491C1CD9A500169D09 /* Frameworks */ = {
			isa = PBXFrameworksBuildPhase;
			buildActionMask = 2147483647;
			files = (
			);
			runOnlyForDeploymentPostprocessing = 0;
		};
		14796A591C1CD9B500169D09 /* Frameworks */ = {
			isa = PBXFrameworksBuildPhase;
			buildActionMask = 2147483647;
			files = (
				148993CA1D8F24DB000132F7 /* UICKeyChainStore.framework in Frameworks */,
			);
			runOnlyForDeploymentPostprocessing = 0;
		};
		14796A641C1CD9C900169D09 /* Frameworks */ = {
			isa = PBXFrameworksBuildPhase;
			buildActionMask = 2147483647;
			files = (
			);
			runOnlyForDeploymentPostprocessing = 0;
		};
		148993CC1D8F2515000132F7 /* Frameworks */ = {
			isa = PBXFrameworksBuildPhase;
			buildActionMask = 2147483647;
			files = (
			);
			runOnlyForDeploymentPostprocessing = 0;
		};
/* End PBXFrameworksBuildPhase section */

/* Begin PBXGroup section */
		143BF28D1C1CD57C002BE6B3 /* Configurations */ = {
			isa = PBXGroup;
			children = (
				143BF28E1C1CD598002BE6B3 /* Base.xcconfig */,
				143BF28F1C1CD598002BE6B3 /* Debug.xcconfig */,
				143BF2901C1CD598002BE6B3 /* Release.xcconfig */,
				143BF2921C1CD598002BE6B3 /* UICKeyChainStore.xcconfig */,
				14796A791C1CDB8A00169D09 /* libUICKeyChainStore.xcconfig */,
				143BF2911C1CD598002BE6B3 /* Tests.xcconfig */,
				14F2A00B1D8F31A3000B135F /* TestHost.xcconfig */,
			);
			name = Configurations;
			sourceTree = "<group>";
		};
		148993D01D8F2515000132F7 /* TestHost */ = {
			isa = PBXGroup;
			children = (
				148993D21D8F2515000132F7 /* main.m */,
				148993E21D8F2515000132F7 /* Info.plist */,
				1478088D1D8F285E007FA638 /* TestHost.entitlements */,
			);
			path = TestHost;
			sourceTree = "<group>";
		};
		14A59C931A62CF6E006561CC = {
			isa = PBXGroup;
			children = (
				14A59C9F1A62CF6E006561CC /* UICKeyChainStore */,
				14A59CAC1A62CF6E006561CC /* UICKeyChainStoreTests */,
				143BF28D1C1CD57C002BE6B3 /* Configurations */,
				148993D01D8F2515000132F7 /* TestHost */,
				14A59C9E1A62CF6E006561CC /* Products */,
			);
			sourceTree = "<group>";
		};
		14A59C9E1A62CF6E006561CC /* Products */ = {
			isa = PBXGroup;
			children = (
				14796A501C1CD9A500169D09 /* UICKeyChainStore.framework */,
				14796A5F1C1CD9B500169D09 /* UICKeyChainStoreTests.xctest */,
				14796A691C1CD9C900169D09 /* libUICKeyChainStore.a */,
				148993CF1D8F2515000132F7 /* TestHost.app */,
			);
			name = Products;
			sourceTree = "<group>";
		};
		14A59C9F1A62CF6E006561CC /* UICKeyChainStore */ = {
			isa = PBXGroup;
			children = (
				14A59CA21A62CF6E006561CC /* UICKeyChainStore.h */,
				14A59CD71A62D4C3006561CC /* UICKeyChainStore.m */,
				14A59CA01A62CF6E006561CC /* Supporting Files */,
			);
			path = UICKeyChainStore;
			sourceTree = "<group>";
		};
		14A59CA01A62CF6E006561CC /* Supporting Files */ = {
			isa = PBXGroup;
			children = (
				14A59CA11A62CF6E006561CC /* Info.plist */,
			);
			name = "Supporting Files";
			sourceTree = "<group>";
		};
		14A59CAC1A62CF6E006561CC /* UICKeyChainStoreTests */ = {
			isa = PBXGroup;
			children = (
				3ACDC27C1A931BCE00C7A63A /* v1.1.1-Lib */,
				14A59CAF1A62CF6E006561CC /* UICKeyChainStoreTests.m */,
				3ACDC2881A931CE900C7A63A /* UICKeyChainStoreForwardCompatibilityTests.m */,
				14A59CAD1A62CF6E006561CC /* Supporting Files */,
			);
			path = UICKeyChainStoreTests;
			sourceTree = "<group>";
		};
		14A59CAD1A62CF6E006561CC /* Supporting Files */ = {
			isa = PBXGroup;
			children = (
				14A59CAE1A62CF6E006561CC /* Info.plist */,
			);
			name = "Supporting Files";
			sourceTree = "<group>";
		};
		3ACDC27C1A931BCE00C7A63A /* v1.1.1-Lib */ = {
			isa = PBXGroup;
			children = (
				3ACDC27D1A931BCE00C7A63A /* UICv1KeyChainStore.h */,
				3ACDC27E1A931BCE00C7A63A /* UICv1KeyChainStore.m */,
			);
			path = "v1.1.1-Lib";
			sourceTree = "<group>";
		};
/* End PBXGroup section */

/* Begin PBXHeadersBuildPhase section */
		14796A4A1C1CD9A500169D09 /* Headers */ = {
			isa = PBXHeadersBuildPhase;
			buildActionMask = 2147483647;
			files = (
				14796A4B1C1CD9A500169D09 /* UICKeyChainStore.h in Headers */,
			);
			runOnlyForDeploymentPostprocessing = 0;
		};
/* End PBXHeadersBuildPhase section */

/* Begin PBXNativeTarget section */
		14796A461C1CD9A500169D09 /* UICKeyChainStore */ = {
			isa = PBXNativeTarget;
			buildConfigurationList = 14796A4D1C1CD9A500169D09 /* Build configuration list for PBXNativeTarget "UICKeyChainStore" */;
			buildPhases = (
				14796A471C1CD9A500169D09 /* Sources */,
				14796A491C1CD9A500169D09 /* Frameworks */,
				14796A4A1C1CD9A500169D09 /* Headers */,
				14796A4C1C1CD9A500169D09 /* Resources */,
			);
			buildRules = (
			);
			dependencies = (
			);
			name = UICKeyChainStore;
			productName = UICKeyChainStore;
			productReference = 14796A501C1CD9A500169D09 /* UICKeyChainStore.framework */;
			productType = "com.apple.product-type.framework";
		};
		14796A521C1CD9B500169D09 /* UICKeyChainStoreTests */ = {
			isa = PBXNativeTarget;
			buildConfigurationList = 14796A5C1C1CD9B500169D09 /* Build configuration list for PBXNativeTarget "UICKeyChainStoreTests" */;
			buildPhases = (
				14796A551C1CD9B500169D09 /* Sources */,
				14796A591C1CD9B500169D09 /* Frameworks */,
				14796A5B1C1CD9B500169D09 /* Resources */,
			);
			buildRules = (
			);
			dependencies = (
				14021B952169FD00006AD6AE /* PBXTargetDependency */,
			);
			name = UICKeyChainStoreTests;
			productName = UICKeyChainStoreTests;
			productReference = 14796A5F1C1CD9B500169D09 /* UICKeyChainStoreTests.xctest */;
			productType = "com.apple.product-type.bundle.unit-test";
		};
		14796A611C1CD9C900169D09 /* libUICKeyChainStore */ = {
			isa = PBXNativeTarget;
			buildConfigurationList = 14796A661C1CD9C900169D09 /* Build configuration list for PBXNativeTarget "libUICKeyChainStore" */;
			buildPhases = (
				14796A621C1CD9C900169D09 /* Sources */,
				14796A641C1CD9C900169D09 /* Frameworks */,
				14796A651C1CD9C900169D09 /* CopyFiles */,
			);
			buildRules = (
			);
			dependencies = (
			);
			name = libUICKeyChainStore;
			productName = UICKeyChainStore;
			productReference = 14796A691C1CD9C900169D09 /* libUICKeyChainStore.a */;
			productType = "com.apple.product-type.library.static";
		};
		148993CE1D8F2515000132F7 /* TestHost */ = {
			isa = PBXNativeTarget;
			buildConfigurationList = 148993E31D8F2515000132F7 /* Build configuration list for PBXNativeTarget "TestHost" */;
			buildPhases = (
				148993CB1D8F2515000132F7 /* Sources */,
				148993CC1D8F2515000132F7 /* Frameworks */,
				148993CD1D8F2515000132F7 /* Resources */,
			);
			buildRules = (
			);
			dependencies = (
			);
			name = TestHost;
			productName = TestHost;
			productReference = 148993CF1D8F2515000132F7 /* TestHost.app */;
			productType = "com.apple.product-type.application";
		};
/* End PBXNativeTarget section */

/* Begin PBXProject section */
		14A59C941A62CF6E006561CC /* Project object */ = {
			isa = PBXProject;
			attributes = {
				LastUpgradeCheck = 1140;
				ORGANIZATIONNAME = "kishikawa katsumi";
				TargetAttributes = {
					14796A461C1CD9A500169D09 = {
						ProvisioningStyle = Automatic;
					};
					14796A521C1CD9B500169D09 = {
						DevelopmentTeam = 27AEDK3C9F;
					};
					148993CE1D8F2515000132F7 = {
						CreatedOnToolsVersion = 8.0;
						DevelopmentTeam = 27AEDK3C9F;
						ProvisioningStyle = Manual;
						SystemCapabilities = {
							com.apple.Keychain = {
								enabled = 1;
							};
						};
					};
				};
			};
			buildConfigurationList = 14A59C971A62CF6E006561CC /* Build configuration list for PBXProject "UICKeyChainStore" */;
			compatibilityVersion = "Xcode 3.2";
			developmentRegion = en;
			hasScannedForEncodings = 0;
			knownRegions = (
				en,
				Base,
			);
			mainGroup = 14A59C931A62CF6E006561CC;
			productRefGroup = 14A59C9E1A62CF6E006561CC /* Products */;
			projectDirPath = "";
			projectRoot = "";
			targets = (
				14796A461C1CD9A500169D09 /* UICKeyChainStore */,
				14796A611C1CD9C900169D09 /* libUICKeyChainStore */,
				14796A521C1CD9B500169D09 /* UICKeyChainStoreTests */,
				148993CE1D8F2515000132F7 /* TestHost */,
			);
		};
/* End PBXProject section */

/* Begin PBXResourcesBuildPhase section */
		14796A4C1C1CD9A500169D09 /* Resources */ = {
			isa = PBXResourcesBuildPhase;
			buildActionMask = 2147483647;
			files = (
			);
			runOnlyForDeploymentPostprocessing = 0;
		};
		14796A5B1C1CD9B500169D09 /* Resources */ = {
			isa = PBXResourcesBuildPhase;
			buildActionMask = 2147483647;
			files = (
			);
			runOnlyForDeploymentPostprocessing = 0;
		};
		148993CD1D8F2515000132F7 /* Resources */ = {
			isa = PBXResourcesBuildPhase;
			buildActionMask = 2147483647;
			files = (
			);
			runOnlyForDeploymentPostprocessing = 0;
		};
/* End PBXResourcesBuildPhase section */

/* Begin PBXSourcesBuildPhase section */
		14796A471C1CD9A500169D09 /* Sources */ = {
			isa = PBXSourcesBuildPhase;
			buildActionMask = 2147483647;
			files = (
				14796A481C1CD9A500169D09 /* UICKeyChainStore.m in Sources */,
			);
			runOnlyForDeploymentPostprocessing = 0;
		};
		14796A551C1CD9B500169D09 /* Sources */ = {
			isa = PBXSourcesBuildPhase;
			buildActionMask = 2147483647;
			files = (
				14796A561C1CD9B500169D09 /* UICKeyChainStoreTests.m in Sources */,
				14796A571C1CD9B500169D09 /* UICKeyChainStoreForwardCompatibilityTests.m in Sources */,
				14796A581C1CD9B500169D09 /* UICv1KeyChainStore.m in Sources */,
			);
			runOnlyForDeploymentPostprocessing = 0;
		};
		14796A621C1CD9C900169D09 /* Sources */ = {
			isa = PBXSourcesBuildPhase;
			buildActionMask = 2147483647;
			files = (
				14796A631C1CD9C900169D09 /* UICKeyChainStore.m in Sources */,
			);
			runOnlyForDeploymentPostprocessing = 0;
		};
		148993CB1D8F2515000132F7 /* Sources */ = {
			isa = PBXSourcesBuildPhase;
			buildActionMask = 2147483647;
			files = (
				148993D31D8F2515000132F7 /* main.m in Sources */,
			);
			runOnlyForDeploymentPostprocessing = 0;
		};
/* End PBXSourcesBuildPhase section */

/* Begin PBXTargetDependency section */
		14021B952169FD00006AD6AE /* PBXTargetDependency */ = {
			isa = PBXTargetDependency;
			target = 148993CE1D8F2515000132F7 /* TestHost */;
			targetProxy = 14021B942169FD00006AD6AE /* PBXContainerItemProxy */;
		};
/* End PBXTargetDependency section */

/* Begin XCBuildConfiguration section */
		14796A4E1C1CD9A500169D09 /* Debug */ = {
			isa = XCBuildConfiguration;
			baseConfigurationReference = 143BF2921C1CD598002BE6B3 /* UICKeyChainStore.xcconfig */;
			buildSettings = {
			};
			name = Debug;
		};
		14796A4F1C1CD9A500169D09 /* Release */ = {
			isa = XCBuildConfiguration;
			baseConfigurationReference = 143BF2921C1CD598002BE6B3 /* UICKeyChainStore.xcconfig */;
			buildSettings = {
			};
			name = Release;
		};
		14796A5D1C1CD9B500169D09 /* Debug */ = {
			isa = XCBuildConfiguration;
			baseConfigurationReference = 143BF2911C1CD598002BE6B3 /* Tests.xcconfig */;
			buildSettings = {
			};
			name = Debug;
		};
		14796A5E1C1CD9B500169D09 /* Release */ = {
			isa = XCBuildConfiguration;
			baseConfigurationReference = 143BF2911C1CD598002BE6B3 /* Tests.xcconfig */;
			buildSettings = {
			};
			name = Release;
		};
		14796A671C1CD9C900169D09 /* Debug */ = {
			isa = XCBuildConfiguration;
			baseConfigurationReference = 14796A791C1CDB8A00169D09 /* libUICKeyChainStore.xcconfig */;
			buildSettings = {
			};
			name = Debug;
		};
		14796A681C1CD9C900169D09 /* Release */ = {
			isa = XCBuildConfiguration;
			baseConfigurationReference = 14796A791C1CDB8A00169D09 /* libUICKeyChainStore.xcconfig */;
			buildSettings = {
			};
			name = Release;
		};
		148993E41D8F2515000132F7 /* Debug */ = {
			isa = XCBuildConfiguration;
			baseConfigurationReference = 14F2A00B1D8F31A3000B135F /* TestHost.xcconfig */;
			buildSettings = {
			};
			name = Debug;
		};
		148993E51D8F2515000132F7 /* Release */ = {
			isa = XCBuildConfiguration;
			baseConfigurationReference = 14F2A00B1D8F31A3000B135F /* TestHost.xcconfig */;
			buildSettings = {
			};
			name = Release;
		};
		14A59CB11A62CF6E006561CC /* Debug */ = {
			isa = XCBuildConfiguration;
			baseConfigurationReference = 143BF28F1C1CD598002BE6B3 /* Debug.xcconfig */;
			buildSettings = {
			};
			name = Debug;
		};
		14A59CB21A62CF6E006561CC /* Release */ = {
			isa = XCBuildConfiguration;
			baseConfigurationReference = 143BF2901C1CD598002BE6B3 /* Release.xcconfig */;
			buildSettings = {
			};
			name = Release;
		};
/* End XCBuildConfiguration section */

/* Begin XCConfigurationList section */
		14796A4D1C1CD9A500169D09 /* Build configuration list for PBXNativeTarget "UICKeyChainStore" */ = {
			isa = XCConfigurationList;
			buildConfigurations = (
				14796A4E1C1CD9A500169D09 /* Debug */,
				14796A4F1C1CD9A500169D09 /* Release */,
			);
			defaultConfigurationIsVisible = 0;
			defaultConfigurationName = Release;
		};
		14796A5C1C1CD9B500169D09 /* Build configuration list for PBXNativeTarget "UICKeyChainStoreTests" */ = {
			isa = XCConfigurationList;
			buildConfigurations = (
				14796A5D1C1CD9B500169D09 /* Debug */,
				14796A5E1C1CD9B500169D09 /* Release */,
			);
			defaultConfigurationIsVisible = 0;
			defaultConfigurationName = Release;
		};
		14796A661C1CD9C900169D09 /* Build configuration list for PBXNativeTarget "libUICKeyChainStore" */ = {
			isa = XCConfigurationList;
			buildConfigurations = (
				14796A671C1CD9C900169D09 /* Debug */,
				14796A681C1CD9C900169D09 /* Release */,
			);
			defaultConfigurationIsVisible = 0;
			defaultConfigurationName = Release;
		};
		148993E31D8F2515000132F7 /* Build configuration list for PBXNativeTarget "TestHost" */ = {
			isa = XCConfigurationList;
			buildConfigurations = (
				148993E41D8F2515000132F7 /* Debug */,
				148993E51D8F2515000132F7 /* Release */,
			);
			defaultConfigurationIsVisible = 0;
			defaultConfigurationName = Release;
		};
		14A59C971A62CF6E006561CC /* Build configuration list for PBXProject "UICKeyChainStore" */ = {
			isa = XCConfigurationList;
			buildConfigurations = (
				14A59CB11A62CF6E006561CC /* Debug */,
				14A59CB21A62CF6E006561CC /* Release */,
			);
			defaultConfigurationIsVisible = 0;
			defaultConfigurationName = Release;
		};
/* End XCConfigurationList section */
	};
	rootObject = 14A59C941A62CF6E006561CC /* Project object */;
}
